
Microsoft Visual Studio Solution File, Format Version 12.00
# Visual Studio 14
VisualStudioVersion = 14.0.24720.0
MinimumVisualStudioVersion = 10.0.40219.1
Project("{8BC9CEB8-8B4A-11D0-8D11-00A0C91BC942}") = "Rock Miner", "Rock Miner\Rock Miner.vcxproj", "{9C041E17-105C-4AEB-B4F5-F04F4FB97B49}"
	ProjectSection(ProjectDependencies) = postProject
		{B6C98892-7C17-4DDF-A0A1-967076969DCD} = {B6C98892-7C17-4DDF-A0A1-967076969DCD}
	EndProjectSection
EndProject
Project("{8BC9CEB8-8B4A-11D0-8D11-00A0C91BC942}") = "GameEngine", "GameEngine\GameEngine.vcxproj", "{B6C98892-7C17-4DDF-A0A1-967076969DCD}"
EndProject
Global
	GlobalSection(SolutionConfigurationPlatforms) = preSolution
		Debug|x64 = Debug|x64
		Debug|x86 = Debug|x86
		Release|x64 = Release|x64
		Release|x86 = Release|x86
	EndGlobalSection
	GlobalSection(ProjectConfigurationPlatforms) = postSolution
		{9C041E17-105C-4AEB-B4F5-F04F4FB97B49}.Debug|x64.ActiveCfg = Debug|x64
		{9C041E17-105C-4AEB-B4F5-F04F4FB97B49}.Debug|x64.Build.0 = Debug|x64
		{9C041E17-105C-4AEB-B4F5-F04F4FB97B49}.Debug|x86.ActiveCfg = Debug|Win32
		{9C041E17-105C-4AEB-B4F5-F04F4FB97B49}.Debug|x86.Build.0 = Debug|Win32
		{9C041E17-105C-4AEB-B4F5-F04F4FB97B49}.Release|x64.ActiveCfg = Release|x64
		{9C041E17-105C-4AEB-B4F5-F04F4FB97B49}.Release|x64.Build.0 = Release|x64
		{9C041E17-105C-4AEB-B4F5-F04F4FB97B49}.Release|x86.ActiveCfg = Release|Win32
		{9C041E17-105C-4AEB-B4F5-F04F4FB97B49}.Release|x86.Build.0 = Release|Win32
		{B6C98892-7C17-4DDF-A0A1-967076969DCD}.Debug|x64.ActiveCfg = Debug|x64
		{B6C98892-7C17-4DDF-A0A1-967076969DCD}.Debug|x64.Build.0 = Debug|x64
		{B6C98892-7C17-4DDF-A0A1-967076969DCD}.Debug|x86.ActiveCfg = Debug|Win32
		{B6C98892-7C17-4DDF-A0A1-967076969DCD}.Debug|x86.Build.0 = Debug|Win32
		{B6C98892-7C17-4DDF-A0A1-967076969DCD}.Release|x64.ActiveCfg = Release|x64
		{B6C98892-7C17-4DDF-A0A1-967076969DCD}.Release|x64.Build.0 = Release|x64
		{B6C98892-7C17-4DDF-A0A1-967076969DCD}.Release|x86.ActiveCfg = Release|Win32
		{B6C98892-7C17-4DDF-A0A1-967076969DCD}.Release|x86.Build.0 = Release|Win32
	EndGlobalSection
	GlobalSection(SolutionProperties) = preSolution
		HideSolutionNode = FALSE
	EndGlobalSection
EndGlobal
